
Microsoft Visual Studio Solution File, Format Version 12.00
# Visual Studio Version 16
VisualStudioVersion = 16.0.28729.10
MinimumVisualStudioVersion = 10.0.40219.1
Project("{FAE04EC0-301F-11D3-BF4B-00C04F79EFBC}") = "Grimoire", "Grimoire\Grimoire.csproj", "{7957F032-828D-4776-887B-D471D8191AAF}"
EndProject
Project("{FAE04EC0-301F-11D3-BF4B-00C04F79EFBC}") = "SkillsHack", "ExamplePacketPlugin\SkillsHack.csproj", "{43B10CBE-3C8D-4505-A319-E3BCC01D3539}"
EndProject
Project("{FAE04EC0-301F-11D3-BF4B-00C04F79EFBC}") = "GoldGenerator", "GoldGenerator\GoldGenerator.csproj", "{22D76A79-B269-464B-BEE3-C0FA04E9D896}"
EndProject
Project("{FAE04EC0-301F-11D3-BF4B-00C04F79EFBC}") = "AutoMessage", "AutoMessage\AutoMessage.csproj", "{66B11D61-052E-4223-A3B8-051DD595E1DF}"
EndProject
Global
	GlobalSection(SolutionConfigurationPlatforms) = preSolution
		Debug|Any CPU = Debug|Any CPU
		Release|Any CPU = Release|Any CPU
	EndGlobalSection
	GlobalSection(ProjectConfigurationPlatforms) = postSolution
		{7957F032-828D-4776-887B-D471D8191AAF}.Debug|Any CPU.ActiveCfg = Debug|Any CPU
		{7957F032-828D-4776-887B-D471D8191AAF}.Debug|Any CPU.Build.0 = Debug|Any CPU
		{7957F032-828D-4776-887B-D471D8191AAF}.Release|Any CPU.ActiveCfg = Release|Any CPU
		{7957F032-828D-4776-887B-D471D8191AAF}.Release|Any CPU.Build.0 = Release|Any CPU
		{43B10CBE-3C8D-4505-A319-E3BCC01D3539}.Debug|Any CPU.ActiveCfg = Debug|Any CPU
		{43B10CBE-3C8D-4505-A319-E3BCC01D3539}.Debug|Any CPU.Build.0 = Debug|Any CPU
		{43B10CBE-3C8D-4505-A319-E3BCC01D3539}.Release|Any CPU.ActiveCfg = Release|Any CPU
		{43B10CBE-3C8D-4505-A319-E3BCC01D3539}.Release|Any CPU.Build.0 = Release|Any CPU
		{22D76A79-B269-464B-BEE3-C0FA04E9D896}.Debug|Any CPU.ActiveCfg = Debug|Any CPU
		{22D76A79-B269-464B-BEE3-C0FA04E9D896}.Debug|Any CPU.Build.0 = Debug|Any CPU
		{22D76A79-B269-464B-BEE3-C0FA04E9D896}.Release|Any CPU.ActiveCfg = Release|Any CPU
		{22D76A79-B269-464B-BEE3-C0FA04E9D896}.Release|Any CPU.Build.0 = Release|Any CPU
		{66B11D61-052E-4223-A3B8-051DD595E1DF}.Debug|Any CPU.ActiveCfg = Debug|Any CPU
		{66B11D61-052E-4223-A3B8-051DD595E1DF}.Debug|Any CPU.Build.0 = Debug|Any CPU
		{66B11D61-052E-4223-A3B8-051DD595E1DF}.Release|Any CPU.ActiveCfg = Release|Any CPU
		{66B11D61-052E-4223-A3B8-051DD595E1DF}.Release|Any CPU.Build.0 = Release|Any CPU
	EndGlobalSection
	GlobalSection(SolutionProperties) = preSolution
		HideSolutionNode = FALSE
	EndGlobalSection
	GlobalSection(ExtensibilityGlobals) = postSolution
		SolutionGuid = {79629961-3718-43EB-A71B-67D9011832F4}
	EndGlobalSection
EndGlobal
